
Microsoft Visual Studio Solution File, Format Version 12.00
# Visual Studio Version 16
VisualStudioVersion = 16.0.29519.87
MinimumVisualStudioVersion = 10.0.40219.1
Project("{FAE04EC0-301F-11D3-BF4B-00C04F79EFBC}") = "ConsoleApp2", "ConsoleApp2.csproj", "{312597F0-777E-4D94-8360-4B96C60913DB}"
EndProject
Global
	GlobalSection(SolutionConfigurationPlatforms) = preSolution
		Debug|Any CPU = Debug|Any CPU
		Release|Any CPU = Release|Any CPU
	EndGlobalSection
	GlobalSection(ProjectConfigurationPlatforms) = postSolution
		{312597F0-777E-4D94-8360-4B96C60913DB}.Debug|Any CPU.ActiveCfg = Debug|Any CPU
		{312597F0-777E-4D94-8360-4B96C60913DB}.Debug|Any CPU.Build.0 = Debug|Any CPU
		{312597F0-777E-4D94-8360-4B96C60913DB}.Release|Any CPU.ActiveCfg = Release|Any CPU
		{312597F0-777E-4D94-8360-4B96C60913DB}.Release|Any CPU.Build.0 = Release|Any CPU
	EndGlobalSection
	GlobalSection(SolutionProperties) = preSolution
		HideSolutionNode = FALSE
	EndGlobalSection
	GlobalSection(ExtensibilityGlobals) = postSolution
		SolutionGuid = {9526C730-1464-408F-A474-1F4D30AD260D}
	EndGlobalSection
EndGlobal
